// !$*UTF8*$!
{
	archiveVersion = 1;
	classes = {
	};
	objectVersion = 46;
	objects = {

/* Begin PBXBuildFile section */
		866480E31C12D5F900FB5D32 /* AppDelegate.swift in Sources */ = {isa = PBXBuildFile; fileRef = 866480E21C12D5F900FB5D32 /* AppDelegate.swift */; };
		866480E51C12D5F900FB5D32 /* ViewController.swift in Sources */ = {isa = PBXBuildFile; fileRef = 866480E41C12D5F900FB5D32 /* ViewController.swift */; };
		866480EA1C12D5F900FB5D32 /* Assets.xcassets in Resources */ = {isa = PBXBuildFile; fileRef = 866480E91C12D5F900FB5D32 /* Assets.xcassets */; };
		866480F61C12D63700FB5D32 /* MCLocalization.swift in Sources */ = {isa = PBXBuildFile; fileRef = 866480F51C12D63700FB5D32 /* MCLocalization.swift */; };
		866945591C228ABD00FF91CB /* local-en-ru.json in Resources */ = {isa = PBXBuildFile; fileRef = 866945571C228ABD00FF91CB /* local-en-ru.json */; };
		8669455A1C228ABD00FF91CB /* remote-en-ru.json in Resources */ = {isa = PBXBuildFile; fileRef = 866945581C228ABD00FF91CB /* remote-en-ru.json */; };
		868600E71D4CA38000E33445 /* MCLocalization+Localizer.swift in Sources */ = {isa = PBXBuildFile; fileRef = 868600E61D4CA38000E33445 /* MCLocalization+Localizer.swift */; };
		86BBB3F51C1BEC7400971BB5 /* MCLocalizationProviders.swift in Sources */ = {isa = PBXBuildFile; fileRef = 86BBB3F41C1BEC7400971BB5 /* MCLocalizationProviders.swift */; };
		86BBB3F91C1C1E3B00971BB5 /* MCAutolocalizedLabel.swift in Sources */ = {isa = PBXBuildFile; fileRef = 86BBB3F81C1C1E3B00971BB5 /* MCAutolocalizedLabel.swift */; };
		86BBB4031C1C248A00971BB5 /* Localizable.strings in Resources */ = {isa = PBXBuildFile; fileRef = 86BBB4051C1C248A00971BB5 /* Localizable.strings */; };
		86BBB40C1C1C255300971BB5 /* Main.storyboard in Resources */ = {isa = PBXBuildFile; fileRef = 86BBB40B1C1C255300971BB5 /* Main.storyboard */; };
		86BBB40E1C1C25BF00971BB5 /* LaunchScreen.storyboard in Resources */ = {isa = PBXBuildFile; fileRef = 86BBB40D1C1C25BF00971BB5 /* LaunchScreen.storyboard */; };
/* End PBXBuildFile section */

/* Begin PBXFileReference section */
		866480DF1C12D5F900FB5D32 /* MCLocalization2.app */ = {isa = PBXFileReference; explicitFileType = wrapper.application; includeInIndex = 0; path = MCLocalization2.app; sourceTree = BUILT_PRODUCTS_DIR; };
		866480E21C12D5F900FB5D32 /* AppDelegate.swift */ = {isa = PBXFileReference; lastKnownFileType = sourcecode.swift; path = AppDelegate.swift; sourceTree = "<group>"; };
		866480E41C12D5F900FB5D32 /* ViewController.swift */ = {isa = PBXFileReference; lastKnownFileType = sourcecode.swift; path = ViewController.swift; sourceTree = "<group>"; };
		866480E91C12D5F900FB5D32 /* Assets.xcassets */ = {isa = PBXFileReference; lastKnownFileType = folder.assetcatalog; path = Assets.xcassets; sourceTree = "<group>"; };
		866480EE1C12D5F900FB5D32 /* Info.plist */ = {isa = PBXFileReference; lastKnownFileType = text.plist.xml; path = Info.plist; sourceTree = "<group>"; };
		866480F51C12D63700FB5D32 /* MCLocalization.swift */ = {isa = PBXFileReference; fileEncoding = 4; lastKnownFileType = sourcecode.swift; name = MCLocalization.swift; path = Classes/MCLocalization.swift; sourceTree = "<group>"; };
		866945571C228ABD00FF91CB /* local-en-ru.json */ = {isa = PBXFileReference; fileEncoding = 4; lastKnownFileType = text.json; path = "local-en-ru.json"; sourceTree = "<group>"; };
		866945581C228ABD00FF91CB /* remote-en-ru.json */ = {isa = PBXFileReference; fileEncoding = 4; lastKnownFileType = text.json; path = "remote-en-ru.json"; sourceTree = "<group>"; };
		8669455B1C228B0700FF91CB /* ru */ = {isa = PBXFileReference; lastKnownFileType = text.plist.strings; name = ru; path = ru.lproj/Localizable.strings; sourceTree = "<group>"; };
		868600E61D4CA38000E33445 /* MCLocalization+Localizer.swift */ = {isa = PBXFileReference; fileEncoding = 4; lastKnownFileType = sourcecode.swift; name = "MCLocalization+Localizer.swift"; path = "Classes/MCLocalization+Localizer.swift"; sourceTree = "<group>"; };
		86BBB3F41C1BEC7400971BB5 /* MCLocalizationProviders.swift */ = {isa = PBXFileReference; fileEncoding = 4; lastKnownFileType = sourcecode.swift; name = MCLocalizationProviders.swift; path = Classes/MCLocalizationProviders.swift; sourceTree = "<group>"; };
		86BBB3F81C1C1E3B00971BB5 /* MCAutolocalizedLabel.swift */ = {isa = PBXFileReference; fileEncoding = 4; lastKnownFileType = sourcecode.swift; name = MCAutolocalizedLabel.swift; path = Classes/MCAutolocalizedLabel.swift; sourceTree = "<group>"; };
		86BBB4041C1C248A00971BB5 /* Base */ = {isa = PBXFileReference; lastKnownFileType = text.plist.strings; name = Base; path = Base.lproj/Localizable.strings; sourceTree = "<group>"; };
		86BBB4061C1C248D00971BB5 /* en */ = {isa = PBXFileReference; lastKnownFileType = text.plist.strings; name = en; path = en.lproj/Localizable.strings; sourceTree = "<group>"; };
		86BBB40B1C1C255300971BB5 /* Main.storyboard */ = {isa = PBXFileReference; fileEncoding = 4; lastKnownFileType = file.storyboard; path = Main.storyboard; sourceTree = "<group>"; };
		86BBB40D1C1C25BF00971BB5 /* LaunchScreen.storyboard */ = {isa = PBXFileReference; fileEncoding = 4; lastKnownFileType = file.storyboard; path = LaunchScreen.storyboard; sourceTree = "<group>"; };
/* End PBXFileReference section */

/* Begin PBXFrameworksBuildPhase section */
		866480DC1C12D5F900FB5D32 /* Frameworks */ = {
			isa = PBXFrameworksBuildPhase;
			buildActionMask = 2147483647;
			files = (
			);
			runOnlyForDeploymentPostprocessing = 0;
		};
/* End PBXFrameworksBuildPhase section */

/* Begin PBXGroup section */
		866480D61C12D5F900FB5D32 = {
			isa = PBXGroup;
			children = (
				866480F41C12D60700FB5D32 /* Classes */,
				866480E11C12D5F900FB5D32 /* MCLocalization2 */,
				866480E01C12D5F900FB5D32 /* Products */,
			);
			sourceTree = "<group>";
		};
		866480E01C12D5F900FB5D32 /* Products */ = {
			isa = PBXGroup;
			children = (
				866480DF1C12D5F900FB5D32 /* MCLocalization2.app */,
			);
			name = Products;
			sourceTree = "<group>";
		};
		866480E11C12D5F900FB5D32 /* MCLocalization2 */ = {
			isa = PBXGroup;
			children = (
				866945561C2289E200FF91CB /* Data */,
				866480E21C12D5F900FB5D32 /* AppDelegate.swift */,
				86BBB40B1C1C255300971BB5 /* Main.storyboard */,
				86BBB40D1C1C25BF00971BB5 /* LaunchScreen.storyboard */,
				866480E41C12D5F900FB5D32 /* ViewController.swift */,
				866480E91C12D5F900FB5D32 /* Assets.xcassets */,
				866480EE1C12D5F900FB5D32 /* Info.plist */,
				86BBB4051C1C248A00971BB5 /* Localizable.strings */,
			);
			path = MCLocalization2;
			sourceTree = "<group>";
		};
		866480F41C12D60700FB5D32 /* Classes */ = {
			isa = PBXGroup;
			children = (
				866480F51C12D63700FB5D32 /* MCLocalization.swift */,
				86BBB3F41C1BEC7400971BB5 /* MCLocalizationProviders.swift */,
				86BBB3F81C1C1E3B00971BB5 /* MCAutolocalizedLabel.swift */,
				868600E61D4CA38000E33445 /* MCLocalization+Localizer.swift */,
			);
			name = Classes;
			sourceTree = "<group>";
		};
		866945561C2289E200FF91CB /* Data */ = {
			isa = PBXGroup;
			children = (
				866945571C228ABD00FF91CB /* local-en-ru.json */,
				866945581C228ABD00FF91CB /* remote-en-ru.json */,
			);
			name = Data;
			sourceTree = "<group>";
		};
/* End PBXGroup section */

/* Begin PBXNativeTarget section */
		866480DE1C12D5F900FB5D32 /* MCLocalization2 */ = {
			isa = PBXNativeTarget;
			buildConfigurationList = 866480F11C12D5F900FB5D32 /* Build configuration list for PBXNativeTarget "MCLocalization2" */;
			buildPhases = (
				866480DB1C12D5F900FB5D32 /* Sources */,
				866480DC1C12D5F900FB5D32 /* Frameworks */,
				866480DD1C12D5F900FB5D32 /* Resources */,
			);
			buildRules = (
			);
			dependencies = (
			);
			name = MCLocalization2;
			productName = MCLocalization2;
			productReference = 866480DF1C12D5F900FB5D32 /* MCLocalization2.app */;
			productType = "com.apple.product-type.application";
		};
/* End PBXNativeTarget section */

/* Begin PBXProject section */
		866480D71C12D5F900FB5D32 /* Project object */ = {
			isa = PBXProject;
			attributes = {
				LastSwiftUpdateCheck = 0710;
				LastUpgradeCheck = 0710;
				ORGANIZATIONNAME = "Mobile Creators";
				TargetAttributes = {
					866480DE1C12D5F900FB5D32 = {
						CreatedOnToolsVersion = 7.1.1;
					};
				};
			};
			buildConfigurationList = 866480DA1C12D5F900FB5D32 /* Build configuration list for PBXProject "MCLocalization2" */;
			compatibilityVersion = "Xcode 3.2";
			developmentRegion = English;
			hasScannedForEncodings = 0;
			knownRegions = (
				en,
				Base,
				ru,
			);
			mainGroup = 866480D61C12D5F900FB5D32;
			productRefGroup = 866480E01C12D5F900FB5D32 /* Products */;
			projectDirPath = "";
			projectRoot = "";
			targets = (
				866480DE1C12D5F900FB5D32 /* MCLocalization2 */,
			);
		};
/* End PBXProject section */

/* Begin PBXResourcesBuildPhase section */
		866480DD1C12D5F900FB5D32 /* Resources */ = {
			isa = PBXResourcesBuildPhase;
			buildActionMask = 2147483647;
			files = (
				866480EA1C12D5F900FB5D32 /* Assets.xcassets in Resources */,
				8669455A1C228ABD00FF91CB /* remote-en-ru.json in Resources */,
				86BBB40E1C1C25BF00971BB5 /* LaunchScreen.storyboard in Resources */,
				866945591C228ABD00FF91CB /* local-en-ru.json in Resources */,
				86BBB4031C1C248A00971BB5 /* Localizable.strings in Resources */,
				86BBB40C1C1C255300971BB5 /* Main.storyboard in Resources */,
			);
			runOnlyForDeploymentPostprocessing = 0;
		};
/* End PBXResourcesBuildPhase section */

/* Begin PBXSourcesBuildPhase section */
		866480DB1C12D5F900FB5D32 /* Sources */ = {
			isa = PBXSourcesBuildPhase;
			buildActionMask = 2147483647;
			files = (
				866480E51C12D5F900FB5D32 /* ViewController.swift in Sources */,
				866480F61C12D63700FB5D32 /* MCLocalization.swift in Sources */,
				86BBB3F91C1C1E3B00971BB5 /* MCAutolocalizedLabel.swift in Sources */,
				868600E71D4CA38000E33445 /* MCLocalization+Localizer.swift in Sources */,
				866480E31C12D5F900FB5D32 /* AppDelegate.swift in Sources */,
				86BBB3F51C1BEC7400971BB5 /* MCLocalizationProviders.swift in Sources */,
			);
			runOnlyForDeploymentPostprocessing = 0;
		};
/* End PBXSourcesBuildPhase section */

/* Begin PBXVariantGroup section */
		86BBB4051C1C248A00971BB5 /* Localizable.strings */ = {
			isa = PBXVariantGroup;
			children = (
				86BBB4041C1C248A00971BB5 /* Base */,
				86BBB4061C1C248D00971BB5 /* en */,
				8669455B1C228B0700FF91CB /* ru */,
			);
			name = Localizable.strings;
			sourceTree = "<group>";
		};
/* End PBXVariantGroup section */

/* Begin XCBuildConfiguration section */
		866480EF1C12D5F900FB5D32 /* Debug */ = {
			isa = XCBuildConfiguration;
			buildSettings = {
				ALWAYS_SEARCH_USER_PATHS = NO;
				CLANG_CXX_LANGUAGE_STANDARD = "gnu++0x";
				CLANG_CXX_LIBRARY = "libc++";
				CLANG_ENABLE_MODULES = YES;
				CLANG_ENABLE_OBJC_ARC = YES;
				CLANG_WARN_BOOL_CONVERSION = YES;
				CLANG_WARN_CONSTANT_CONVERSION = YES;
				CLANG_WARN_DIRECT_OBJC_ISA_USAGE = YES_ERROR;
				CLANG_WARN_EMPTY_BODY = YES;
				CLANG_WARN_ENUM_CONVERSION = YES;
				CLANG_WARN_INT_CONVERSION = YES;
				CLANG_WARN_OBJC_ROOT_CLASS = YES_ERROR;
				CLANG_WARN_UNREACHABLE_CODE = YES;
				CLANG_WARN__DUPLICATE_METHOD_MATCH = YES;
				"CODE_SIGN_IDENTITY[sdk=iphoneos*]" = "iPhone Developer";
				COPY_PHASE_STRIP = NO;
				DEBUG_INFORMATION_FORMAT = dwarf;
				ENABLE_STRICT_OBJC_MSGSEND = YES;
				ENABLE_TESTABILITY = YES;
				GCC_C_LANGUAGE_STANDARD = gnu99;
				GCC_DYNAMIC_NO_PIC = NO;
				GCC_NO_COMMON_BLOCKS = YES;
				GCC_OPTIMIZATION_LEVEL = 0;
				GCC_PREPROCESSOR_DEFINITIONS = (
					"DEBUG=1",
					"$(inherited)",
				);
				GCC_WARN_64_TO_32_BIT_CONVERSION = YES;
				GCC_WARN_ABOUT_RETURN_TYPE = YES_ERROR;
				GCC_WARN_UNDECLARED_SELECTOR = YES;
				GCC_WARN_UNINITIALIZED_AUTOS = YES_AGGRESSIVE;
				GCC_WARN_UNUSED_FUNCTION = YES;
				GCC_WARN_UNUSED_VARIABLE = YES;
				IPHONEOS_DEPLOYMENT_TARGET = 9.1;
				MTL_ENABLE_DEBUG_INFO = YES;
				ONLY_ACTIVE_ARCH = YES;
				SDKROOT = iphoneos;
				SWIFT_OPTIMIZATION_LEVEL = "-Onone";
			};
			name = Debug;
		};
		866480F01C12D5F900FB5D32 /* Release */ = {
			isa = XCBuildConfiguration;
			buildSettings = {
				ALWAYS_SEARCH_USER_PATHS = NO;
				CLANG_CXX_LANGUAGE_STANDARD = "gnu++0x";
				CLANG_CXX_LIBRARY = "libc++";
				CLANG_ENABLE_MODULES = YES;
				CLANG_ENABLE_OBJC_ARC = YES;
				CLANG_WARN_BOOL_CONVERSION = YES;
				CLANG_WARN_CONSTANT_CONVERSION = YES;
				CLANG_WARN_DIRECT_OBJC_ISA_USAGE = YES_ERROR;
				CLANG_WARN_EMPTY_BODY = YES;
				CLANG_WARN_ENUM_CONVERSION = YES;
				CLANG_WARN_INT_CONVERSION = YES;
				CLANG_WARN_OBJC_ROOT_CLASS = YES_ERROR;
				CLANG_WARN_UNREACHABLE_CODE = YES;
				CLANG_WARN__DUPLICATE_METHOD_MATCH = YES;
				"CODE_SIGN_IDENTITY[sdk=iphoneos*]" = "iPhone Developer";
				COPY_PHASE_STRIP = NO;
				DEBUG_INFORMATION_FORMAT = "dwarf-with-dsym";
				ENABLE_NS_ASSERTIONS = NO;
				ENABLE_STRICT_OBJC_MSGSEND = YES;
				GCC_C_LANGUAGE_STANDARD = gnu99;
				GCC_NO_COMMON_BLOCKS = YES;
				GCC_WARN_64_TO_32_BIT_CONVERSION = YES;
				GCC_WARN_ABOUT_RETURN_TYPE = YES_ERROR;
				GCC_WARN_UNDECLARED_SELECTOR = YES;
				GCC_WARN_UNINITIALIZED_AUTOS = YES_AGGRESSIVE;
				GCC_WARN_UNUSED_FUNCTION = YES;
				GCC_WARN_UNUSED_VARIABLE = YES;
				IPHONEOS_DEPLOYMENT_TARGET = 9.1;
				MTL_ENABLE_DEBUG_INFO = NO;
				SDKROOT = iphoneos;
				VALIDATE_PRODUCT = YES;
			};
			name = Release;
		};
		866480F21C12D5F900FB5D32 /* Debug */ = {
			isa = XCBuildConfiguration;
			buildSettings = {
				ASSETCATALOG_COMPILER_APPICON_NAME = AppIcon;
				INFOPLIST_FILE = MCLocalization2/Info.plist;
				LD_RUNPATH_SEARCH_PATHS = "$(inherited) @executable_path/Frameworks";
				PRODUCT_BUNDLE_IDENTIFIER = com.mobicreators.MCLocalization2;
				PRODUCT_NAME = "$(TARGET_NAME)";
			};
			name = Debug;
		};
		866480F31C12D5F900FB5D32 /* Release */ = {
			isa = XCBuildConfiguration;
			buildSettings = {
				ASSETCATALOG_COMPILER_APPICON_NAME = AppIcon;
				INFOPLIST_FILE = MCLocalization2/Info.plist;
				LD_RUNPATH_SEARCH_PATHS = "$(inherited) @executable_path/Frameworks";
				PRODUCT_BUNDLE_IDENTIFIER = com.mobicreators.MCLocalization2;
				PRODUCT_NAME = "$(TARGET_NAME)";
			};
			name = Release;
		};
/* End XCBuildConfiguration section */

/* Begin XCConfigurationList section */
		866480DA1C12D5F900FB5D32 /* Build configuration list for PBXProject "MCLocalization2" */ = {
			isa = XCConfigurationList;
			buildConfigurations = (
				866480EF1C12D5F900FB5D32 /* Debug */,
				866480F01C12D5F900FB5D32 /* Release */,
			);
			defaultConfigurationIsVisible = 0;
			defaultConfigurationName = Release;
		};
		866480F11C12D5F900FB5D32 /* Build configuration list for PBXNativeTarget "MCLocalization2" */ = {
			isa = XCConfigurationList;
			buildConfigurations = (
				866480F21C12D5F900FB5D32 /* Debug */,
				866480F31C12D5F900FB5D32 /* Release */,
			);
			defaultConfigurationIsVisible = 0;
			defaultConfigurationName = Release;
		};
/* End XCConfigurationList section */
	};
	rootObject = 866480D71C12D5F900FB5D32 /* Project object */;
}
